// !$*UTF8*$!
{
	archiveVersion = 1;
	classes = {
	};
	objectVersion = 55;
	objects = {

/* Begin PBXBuildFile section */
		ABB5274427FECE0B00CAF573 /* AppDelegate.m in Sources */ = {isa = PBXBuildFile; fileRef = ABB5274327FECE0B00CAF573 /* AppDelegate.m */; };
		ABB5274727FECE0B00CAF573 /* SceneDelegate.m in Sources */ = {isa = PBXBuildFile; fileRef = ABB5274627FECE0B00CAF573 /* SceneDelegate.m */; };
		ABB5274A27FECE0B00CAF573 /* ViewController.m in Sources */ = {isa = PBXBuildFile; fileRef = ABB5274927FECE0B00CAF573 /* ViewController.m */; };
		ABB5274D27FECE0B00CAF573 /* Main.storyboard in Resources */ = {isa = PBXBuildFile; fileRef = ABB5274B27FECE0B00CAF573 /* Main.storyboard */; };
		ABB5274F27FECE0C00CAF573 /* Assets.xcassets in Resources */ = {isa = PBXBuildFile; fileRef = ABB5274E27FECE0C00CAF573 /* Assets.xcassets */; };
		ABB5275227FECE0C00CAF573 /* LaunchScreen.storyboard in Resources */ = {isa = PBXBuildFile; fileRef = ABB5275027FECE0C00CAF573 /* LaunchScreen.storyboard */; };
		ABB5275527FECE0C00CAF573 /* main.m in Sources */ = {isa = PBXBuildFile; fileRef = ABB5275427FECE0C00CAF573 /* main.m */; };
		ABB5275F27FECE3300CAF573 /* thread_create_demo.c in Sources */ = {isa = PBXBuildFile; fileRef = ABB5275B27FECE3300CAF573 /* thread_create_demo.c */; };
		ABB5276027FECE3300CAF573 /* thread_mutex_demo.c in Sources */ = {isa = PBXBuildFile; fileRef = ABB5275C27FECE3300CAF573 /* thread_mutex_demo.c */; };
/* End PBXBuildFile section */

/* Begin PBXFileReference section */
		ABB5273F27FECE0B00CAF573 /* UnixSystemDevLearn.app */ = {isa = PBXFileReference; explicitFileType = wrapper.application; includeInIndex = 0; path = UnixSystemDevLearn.app; sourceTree = BUILT_PRODUCTS_DIR; };
		ABB5274227FECE0B00CAF573 /* AppDelegate.h */ = {isa = PBXFileReference; lastKnownFileType = sourcecode.c.h; path = AppDelegate.h; sourceTree = "<group>"; };
		ABB5274327FECE0B00CAF573 /* AppDelegate.m */ = {isa = PBXFileReference; lastKnownFileType = sourcecode.c.objc; path = AppDelegate.m; sourceTree = "<group>"; };
		ABB5274527FECE0B00CAF573 /* SceneDelegate.h */ = {isa = PBXFileReference; lastKnownFileType = sourcecode.c.h; path = SceneDelegate.h; sourceTree = "<group>"; };
		ABB5274627FECE0B00CAF573 /* SceneDelegate.m */ = {isa = PBXFileReference; lastKnownFileType = sourcecode.c.objc; path = SceneDelegate.m; sourceTree = "<group>"; };
		ABB5274827FECE0B00CAF573 /* ViewController.h */ = {isa = PBXFileReference; lastKnownFileType = sourcecode.c.h; path = ViewController.h; sourceTree = "<group>"; };
		ABB5274927FECE0B00CAF573 /* ViewController.m */ = {isa = PBXFileReference; lastKnownFileType = sourcecode.c.objc; path = ViewController.m; sourceTree = "<group>"; };
		ABB5274C27FECE0B00CAF573 /* Base */ = {isa = PBXFileReference; lastKnownFileType = file.storyboard; name = Base; path = Base.lproj/Main.storyboard; sourceTree = "<group>"; };
		ABB5274E27FECE0C00CAF573 /* Assets.xcassets */ = {isa = PBXFileReference; lastKnownFileType = folder.assetcatalog; path = Assets.xcassets; sourceTree = "<group>"; };
		ABB5275127FECE0C00CAF573 /* Base */ = {isa = PBXFileReference; lastKnownFileType = file.storyboard; name = Base; path = Base.lproj/LaunchScreen.storyboard; sourceTree = "<group>"; };
		ABB5275327FECE0C00CAF573 /* Info.plist */ = {isa = PBXFileReference; lastKnownFileType = text.plist.xml; path = Info.plist; sourceTree = "<group>"; };
		ABB5275427FECE0C00CAF573 /* main.m */ = {isa = PBXFileReference; lastKnownFileType = sourcecode.c.objc; path = main.m; sourceTree = "<group>"; };
		ABB5275B27FECE3300CAF573 /* thread_create_demo.c */ = {isa = PBXFileReference; fileEncoding = 4; lastKnownFileType = sourcecode.c.c; path = thread_create_demo.c; sourceTree = "<group>"; };
		ABB5275C27FECE3300CAF573 /* thread_mutex_demo.c */ = {isa = PBXFileReference; fileEncoding = 4; lastKnownFileType = sourcecode.c.c; path = thread_mutex_demo.c; sourceTree = "<group>"; };
		ABB5275D27FECE3300CAF573 /* thread_mutex_demo.h */ = {isa = PBXFileReference; fileEncoding = 4; lastKnownFileType = sourcecode.c.h; path = thread_mutex_demo.h; sourceTree = "<group>"; };
		ABB5275E27FECE3300CAF573 /* thread_create_demo.h */ = {isa = PBXFileReference; fileEncoding = 4; lastKnownFileType = sourcecode.c.h; path = thread_create_demo.h; sourceTree = "<group>"; };
/* End PBXFileReference section */

/* Begin PBXFrameworksBuildPhase section */
		ABB5273C27FECE0B00CAF573 /* Frameworks */ = {
			isa = PBXFrameworksBuildPhase;
			buildActionMask = 2147483647;
			files = (
			);
			runOnlyForDeploymentPostprocessing = 0;
		};
/* End PBXFrameworksBuildPhase section */

/* Begin PBXGroup section */
		ABB5273627FECE0B00CAF573 = {
			isa = PBXGroup;
			children = (
				ABB5274127FECE0B00CAF573 /* UnixSystemDevLearn */,
				ABB5274027FECE0B00CAF573 /* Products */,
			);
			sourceTree = "<group>";
		};
		ABB5274027FECE0B00CAF573 /* Products */ = {
			isa = PBXGroup;
			children = (
				ABB5273F27FECE0B00CAF573 /* UnixSystemDevLearn.app */,
			);
			name = Products;
			sourceTree = "<group>";
		};
		ABB5274127FECE0B00CAF573 /* UnixSystemDevLearn */ = {
			isa = PBXGroup;
			children = (
				ABB5274227FECE0B00CAF573 /* AppDelegate.h */,
				ABB5274327FECE0B00CAF573 /* AppDelegate.m */,
				ABB5274527FECE0B00CAF573 /* SceneDelegate.h */,
				ABB5274627FECE0B00CAF573 /* SceneDelegate.m */,
				ABB5274827FECE0B00CAF573 /* ViewController.h */,
				ABB5274927FECE0B00CAF573 /* ViewController.m */,
				ABB5276127FECE3700CAF573 /* thread */,
				ABB5274B27FECE0B00CAF573 /* Main.storyboard */,
				ABB5274E27FECE0C00CAF573 /* Assets.xcassets */,
				ABB5275027FECE0C00CAF573 /* LaunchScreen.storyboard */,
				ABB5275327FECE0C00CAF573 /* Info.plist */,
				ABB5275427FECE0C00CAF573 /* main.m */,
			);
			path = UnixSystemDevLearn;
			sourceTree = "<group>";
		};
		ABB5276127FECE3700CAF573 /* thread */ = {
			isa = PBXGroup;
			children = (
				ABB5275B27FECE3300CAF573 /* thread_create_demo.c */,
				ABB5275E27FECE3300CAF573 /* thread_create_demo.h */,
				ABB5275C27FECE3300CAF573 /* thread_mutex_demo.c */,
				ABB5275D27FECE3300CAF573 /* thread_mutex_demo.h */,
			);
			path = thread;
			sourceTree = "<group>";
		};
/* End PBXGroup section */

/* Begin PBXNativeTarget section */
		ABB5273E27FECE0B00CAF573 /* UnixSystemDevLearn */ = {
			isa = PBXNativeTarget;
			buildConfigurationList = ABB5275827FECE0C00CAF573 /* Build configuration list for PBXNativeTarget "UnixSystemDevLearn" */;
			buildPhases = (
				ABB5273B27FECE0B00CAF573 /* Sources */,
				ABB5273C27FECE0B00CAF573 /* Frameworks */,
				ABB5273D27FECE0B00CAF573 /* Resources */,
			);
			buildRules = (
			);
			dependencies = (
			);
			name = UnixSystemDevLearn;
			productName = UnixSystemDevLearn;
			productReference = ABB5273F27FECE0B00CAF573 /* UnixSystemDevLearn.app */;
			productType = "com.apple.product-type.application";
		};
/* End PBXNativeTarget section */

/* Begin PBXProject section */
		ABB5273727FECE0B00CAF573 /* Project object */ = {
			isa = PBXProject;
			attributes = {
				BuildIndependentTargetsInParallel = 1;
				LastUpgradeCheck = 1320;
				TargetAttributes = {
					ABB5273E27FECE0B00CAF573 = {
						CreatedOnToolsVersion = 13.2.1;
					};
				};
			};
			buildConfigurationList = ABB5273A27FECE0B00CAF573 /* Build configuration list for PBXProject "UnixSystemDevLearn" */;
			compatibilityVersion = "Xcode 13.0";
			developmentRegion = en;
			hasScannedForEncodings = 0;
			knownRegions = (
				en,
				Base,
			);
			mainGroup = ABB5273627FECE0B00CAF573;
			productRefGroup = ABB5274027FECE0B00CAF573 /* Products */;
			projectDirPath = "";
			projectRoot = "";
			targets = (
				ABB5273E27FECE0B00CAF573 /* UnixSystemDevLearn */,
			);
		};
/* End PBXProject section */

/* Begin PBXResourcesBuildPhase section */
		ABB5273D27FECE0B00CAF573 /* Resources */ = {
			isa = PBXResourcesBuildPhase;
			buildActionMask = 2147483647;
			files = (
				ABB5275227FECE0C00CAF573 /* LaunchScreen.storyboard in Resources */,
				ABB5274F27FECE0C00CAF573 /* Assets.xcassets in Resources */,
				ABB5274D27FECE0B00CAF573 /* Main.storyboard in Resources */,
			);
			runOnlyForDeploymentPostprocessing = 0;
		};
/* End PBXResourcesBuildPhase section */

/* Begin PBXSourcesBuildPhase section */
		ABB5273B27FECE0B00CAF573 /* Sources */ = {
			isa = PBXSourcesBuildPhase;
			buildActionMask = 2147483647;
			files = (
				ABB5274A27FECE0B00CAF573 /* ViewController.m in Sources */,
				ABB5274427FECE0B00CAF573 /* AppDelegate.m in Sources */,
				ABB5276027FECE3300CAF573 /* thread_mutex_demo.c in Sources */,
				ABB5275527FECE0C00CAF573 /* main.m in Sources */,
				ABB5274727FECE0B00CAF573 /* SceneDelegate.m in Sources */,
				ABB5275F27FECE3300CAF573 /* thread_create_demo.c in Sources */,
			);
			runOnlyForDeploymentPostprocessing = 0;
		};
/* End PBXSourcesBuildPhase section */

/* Begin PBXVariantGroup section */
		ABB5274B27FECE0B00CAF573 /* Main.storyboard */ = {
			isa = PBXVariantGroup;
			children = (
				ABB5274C27FECE0B00CAF573 /* Base */,
			);
			name = Main.storyboard;
			sourceTree = "<group>";
		};
		ABB5275027FECE0C00CAF573 /* LaunchScreen.storyboard */ = {
			isa = PBXVariantGroup;
			children = (
				ABB5275127FECE0C00CAF573 /* Base */,
			);
			name = LaunchScreen.storyboard;
			sourceTree = "<group>";
		};
/* End PBXVariantGroup section */

/* Begin XCBuildConfiguration section */
		ABB5275627FECE0C00CAF573 /* Debug */ = {
			isa = XCBuildConfiguration;
			buildSettings = {
				ALWAYS_SEARCH_USER_PATHS = NO;
				CLANG_ANALYZER_NONNULL = YES;
				CLANG_ANALYZER_NUMBER_OBJECT_CONVERSION = YES_AGGRESSIVE;
				CLANG_CXX_LANGUAGE_STANDARD = "gnu++17";
				CLANG_CXX_LIBRARY = "libc++";
				CLANG_ENABLE_MODULES = YES;
				CLANG_ENABLE_OBJC_ARC = YES;
				CLANG_ENABLE_OBJC_WEAK = YES;
				CLANG_WARN_BLOCK_CAPTURE_AUTORELEASING = YES;
				CLANG_WARN_BOOL_CONVERSION = YES;
				CLANG_WARN_COMMA = YES;
				CLANG_WARN_CONSTANT_CONVERSION = YES;
				CLANG_WARN_DEPRECATED_OBJC_IMPLEMENTATIONS = YES;
				CLANG_WARN_DIRECT_OBJC_ISA_USAGE = YES_ERROR;
				CLANG_WARN_DOCUMENTATION_COMMENTS = YES;
				CLANG_WARN_EMPTY_BODY = YES;
				CLANG_WARN_ENUM_CONVERSION = YES;
				CLANG_WARN_INFINITE_RECURSION = YES;
				CLANG_WARN_INT_CONVERSION = YES;
				CLANG_WARN_NON_LITERAL_NULL_CONVERSION = YES;
				CLANG_WARN_OBJC_IMPLICIT_RETAIN_SELF = YES;
				CLANG_WARN_OBJC_LITERAL_CONVERSION = YES;
				CLANG_WARN_OBJC_ROOT_CLASS = YES_ERROR;
				CLANG_WARN_QUOTED_INCLUDE_IN_FRAMEWORK_HEADER = YES;
				CLANG_WARN_RANGE_LOOP_ANALYSIS = YES;
				CLANG_WARN_STRICT_PROTOTYPES = YES;
				CLANG_WARN_SUSPICIOUS_MOVE = YES;
				CLANG_WARN_UNGUARDED_AVAILABILITY = YES_AGGRESSIVE;
				CLANG_WARN_UNREACHABLE_CODE = YES;
				CLANG_WARN__DUPLICATE_METHOD_MATCH = YES;
				COPY_PHASE_STRIP = NO;
				DEBUG_INFORMATION_FORMAT = dwarf;
				ENABLE_STRICT_OBJC_MSGSEND = YES;
				ENABLE_TESTABILITY = YES;
				GCC_C_LANGUAGE_STANDARD = gnu11;
				GCC_DYNAMIC_NO_PIC = NO;
				GCC_NO_COMMON_BLOCKS = YES;
				GCC_OPTIMIZATION_LEVEL = 0;
				GCC_PREPROCESSOR_DEFINITIONS = (
					"DEBUG=1",
					"$(inherited)",
				);
				GCC_WARN_64_TO_32_BIT_CONVERSION = YES;
				GCC_WARN_ABOUT_RETURN_TYPE = YES_ERROR;
				GCC_WARN_UNDECLARED_SELECTOR = YES;
				GCC_WARN_UNINITIALIZED_AUTOS = YES_AGGRESSIVE;
				GCC_WARN_UNUSED_FUNCTION = YES;
				GCC_WARN_UNUSED_VARIABLE = YES;
				IPHONEOS_DEPLOYMENT_TARGET = 15.2;
				MTL_ENABLE_DEBUG_INFO = INCLUDE_SOURCE;
				MTL_FAST_MATH = YES;
				ONLY_ACTIVE_ARCH = YES;
				SDKROOT = iphoneos;
			};
			name = Debug;
		};
		ABB5275727FECE0C00CAF573 /* Release */ = {
			isa = XCBuildConfiguration;
			buildSettings = {
				ALWAYS_SEARCH_USER_PATHS = NO;
				CLANG_ANALYZER_NONNULL = YES;
				CLANG_ANALYZER_NUMBER_OBJECT_CONVERSION = YES_AGGRESSIVE;
				CLANG_CXX_LANGUAGE_STANDARD = "gnu++17";
				CLANG_CXX_LIBRARY = "libc++";
				CLANG_ENABLE_MODULES = YES;
				CLANG_ENABLE_OBJC_ARC = YES;
				CLANG_ENABLE_OBJC_WEAK = YES;
				CLANG_WARN_BLOCK_CAPTURE_AUTORELEASING = YES;
				CLANG_WARN_BOOL_CONVERSION = YES;
				CLANG_WARN_COMMA = YES;
				CLANG_WARN_CONSTANT_CONVERSION = YES;
				CLANG_WARN_DEPRECATED_OBJC_IMPLEMENTATIONS = YES;
				CLANG_WARN_DIRECT_OBJC_ISA_USAGE = YES_ERROR;
				CLANG_WARN_DOCUMENTATION_COMMENTS = YES;
				CLANG_WARN_EMPTY_BODY = YES;
				CLANG_WARN_ENUM_CONVERSION = YES;
				CLANG_WARN_INFINITE_RECURSION = YES;
				CLANG_WARN_INT_CONVERSION = YES;
				CLANG_WARN_NON_LITERAL_NULL_CONVERSION = YES;
				CLANG_WARN_OBJC_IMPLICIT_RETAIN_SELF = YES;
				CLANG_WARN_OBJC_LITERAL_CONVERSION = YES;
				CLANG_WARN_OBJC_ROOT_CLASS = YES_ERROR;
				CLANG_WARN_QUOTED_INCLUDE_IN_FRAMEWORK_HEADER = YES;
				CLANG_WARN_RANGE_LOOP_ANALYSIS = YES;
				CLANG_WARN_STRICT_PROTOTYPES = YES;
				CLANG_WARN_SUSPICIOUS_MOVE = YES;
				CLANG_WARN_UNGUARDED_AVAILABILITY = YES_AGGRESSIVE;
				CLANG_WARN_UNREACHABLE_CODE = YES;
				CLANG_WARN__DUPLICATE_METHOD_MATCH = YES;
				COPY_PHASE_STRIP = NO;
				DEBUG_INFORMATION_FORMAT = "dwarf-with-dsym";
				ENABLE_NS_ASSERTIONS = NO;
				ENABLE_STRICT_OBJC_MSGSEND = YES;
				GCC_C_LANGUAGE_STANDARD = gnu11;
				GCC_NO_COMMON_BLOCKS = YES;
				GCC_WARN_64_TO_32_BIT_CONVERSION = YES;
				GCC_WARN_ABOUT_RETURN_TYPE = YES_ERROR;
				GCC_WARN_UNDECLARED_SELECTOR = YES;
				GCC_WARN_UNINITIALIZED_AUTOS = YES_AGGRESSIVE;
				GCC_WARN_UNUSED_FUNCTION = YES;
				GCC_WARN_UNUSED_VARIABLE = YES;
				IPHONEOS_DEPLOYMENT_TARGET = 15.2;
				MTL_ENABLE_DEBUG_INFO = NO;
				MTL_FAST_MATH = YES;
				SDKROOT = iphoneos;
				VALIDATE_PRODUCT = YES;
			};
			name = Release;
		};
		ABB5275927FECE0C00CAF573 /* Debug */ = {
			isa = XCBuildConfiguration;
			buildSettings = {
				ASSETCATALOG_COMPILER_APPICON_NAME = AppIcon;
				ASSETCATALOG_COMPILER_GLOBAL_ACCENT_COLOR_NAME = AccentColor;
				CODE_SIGN_STYLE = Automatic;
				CURRENT_PROJECT_VERSION = 1;
				GENERATE_INFOPLIST_FILE = YES;
				INFOPLIST_FILE = UnixSystemDevLearn/Info.plist;
				INFOPLIST_KEY_UIApplicationSupportsIndirectInputEvents = YES;
				INFOPLIST_KEY_UILaunchStoryboardName = LaunchScreen;
				INFOPLIST_KEY_UIMainStoryboardFile = Main;
				INFOPLIST_KEY_UISupportedInterfaceOrientations_iPad = "UIInterfaceOrientationPortrait UIInterfaceOrientationPortraitUpsideDown UIInterfaceOrientationLandscapeLeft UIInterfaceOrientationLandscapeRight";
				INFOPLIST_KEY_UISupportedInterfaceOrientations_iPhone = "UIInterfaceOrientationPortrait UIInterfaceOrientationLandscapeLeft UIInterfaceOrientationLandscapeRight";
				LD_RUNPATH_SEARCH_PATHS = (
					"$(inherited)",
					"@executable_path/Frameworks",
				);
				MARKETING_VERSION = 1.0;
				PRODUCT_BUNDLE_IDENTIFIER = com.moji.pianshi.UnixSystemDevLearn;
				PRODUCT_NAME = "$(TARGET_NAME)";
				SWIFT_EMIT_LOC_STRINGS = YES;
				TARGETED_DEVICE_FAMILY = "1,2";
			};
			name = Debug;
		};
		ABB5275A27FECE0C00CAF573 /* Release */ = {
			isa = XCBuildConfiguration;
			buildSettings = {
				ASSETCATALOG_COMPILER_APPICON_NAME = AppIcon;
				ASSETCATALOG_COMPILER_GLOBAL_ACCENT_COLOR_NAME = AccentColor;
				CODE_SIGN_STYLE = Automatic;
				CURRENT_PROJECT_VERSION = 1;
				GENERATE_INFOPLIST_FILE = YES;
				INFOPLIST_FILE = UnixSystemDevLearn/Info.plist;
				INFOPLIST_KEY_UIApplicationSupportsIndirectInputEvents = YES;
				INFOPLIST_KEY_UILaunchStoryboardName = LaunchScreen;
				INFOPLIST_KEY_UIMainStoryboardFile = Main;
				INFOPLIST_KEY_UISupportedInterfaceOrientations_iPad = "UIInterfaceOrientationPortrait UIInterfaceOrientationPortraitUpsideDown UIInterfaceOrientationLandscapeLeft UIInterfaceOrientationLandscapeRight";
				INFOPLIST_KEY_UISupportedInterfaceOrientations_iPhone = "UIInterfaceOrientationPortrait UIInterfaceOrientationLandscapeLeft UIInterfaceOrientationLandscapeRight";
				LD_RUNPATH_SEARCH_PATHS = (
					"$(inherited)",
					"@executable_path/Frameworks",
				);
				MARKETING_VERSION = 1.0;
				PRODUCT_BUNDLE_IDENTIFIER = com.moji.pianshi.UnixSystemDevLearn;
				PRODUCT_NAME = "$(TARGET_NAME)";
				SWIFT_EMIT_LOC_STRINGS = YES;
				TARGETED_DEVICE_FAMILY = "1,2";
			};
			name = Release;
		};
/* End XCBuildConfiguration section */

/* Begin XCConfigurationList section */
		ABB5273A27FECE0B00CAF573 /* Build configuration list for PBXProject "UnixSystemDevLearn" */ = {
			isa = XCConfigurationList;
			buildConfigurations = (
				ABB5275627FECE0C00CAF573 /* Debug */,
				ABB5275727FECE0C00CAF573 /* Release */,
			);
			defaultConfigurationIsVisible = 0;
			defaultConfigurationName = Release;
		};
		ABB5275827FECE0C00CAF573 /* Build configuration list for PBXNativeTarget "UnixSystemDevLearn" */ = {
			isa = XCConfigurationList;
			buildConfigurations = (
				ABB5275927FECE0C00CAF573 /* Debug */,
				ABB5275A27FECE0C00CAF573 /* Release */,
			);
			defaultConfigurationIsVisible = 0;
			defaultConfigurationName = Release;
		};
/* End XCConfigurationList section */
	};
	rootObject = ABB5273727FECE0B00CAF573 /* Project object */;
}
